
Microsoft Visual Studio Solution File, Format Version 12.00
# Visual Studio 2013
VisualStudioVersion = 12.0.31101.0
MinimumVisualStudioVersion = 10.0.40219.1
Project("{FAE04EC0-301F-11D3-BF4B-00C04F79EFBC}") = "DataStructuresAssignment", "DataStructuresAssignment\DataStructuresAssignment.csproj", "{A62C162D-3082-4658-8D49-05D00D3DFFEF}"
EndProject
Global
	GlobalSection(SolutionConfigurationPlatforms) = preSolution
		Debug|Any CPU = Debug|Any CPU
		Release|Any CPU = Release|Any CPU
	EndGlobalSection
	GlobalSection(ProjectConfigurationPlatforms) = postSolution
		{A62C162D-3082-4658-8D49-05D00D3DFFEF}.Debug|Any CPU.ActiveCfg = Debug|Any CPU
		{A62C162D-3082-4658-8D49-05D00D3DFFEF}.Debug|Any CPU.Build.0 = Debug|Any CPU
		{A62C162D-3082-4658-8D49-05D00D3DFFEF}.Release|Any CPU.ActiveCfg = Release|Any CPU
		{A62C162D-3082-4658-8D49-05D00D3DFFEF}.Release|Any CPU.Build.0 = Release|Any CPU
	EndGlobalSection
	GlobalSection(SolutionProperties) = preSolution
		HideSolutionNode = FALSE
	EndGlobalSection
EndGlobal
